
Microsoft Visual Studio Solution File, Format Version 12.00
# Visual Studio Version 16
VisualStudioVersion = 16.0.31729.503
MinimumVisualStudioVersion = 10.0.40219.1
Project("{FAE04EC0-301F-11D3-BF4B-00C04F79EFBC}") = "LiciterService", "LiciterService\LiciterService.csproj", "{437341B2-906A-474E-8B87-0BABB10110BE}"
EndProject
Global
	GlobalSection(SolutionConfigurationPlatforms) = preSolution
		Debug|Any CPU = Debug|Any CPU
		Release|Any CPU = Release|Any CPU
	EndGlobalSection
	GlobalSection(ProjectConfigurationPlatforms) = postSolution
		{437341B2-906A-474E-8B87-0BABB10110BE}.Debug|Any CPU.ActiveCfg = Debug|Any CPU
		{437341B2-906A-474E-8B87-0BABB10110BE}.Debug|Any CPU.Build.0 = Debug|Any CPU
		{437341B2-906A-474E-8B87-0BABB10110BE}.Release|Any CPU.ActiveCfg = Release|Any CPU
		{437341B2-906A-474E-8B87-0BABB10110BE}.Release|Any CPU.Build.0 = Release|Any CPU
	EndGlobalSection
	GlobalSection(SolutionProperties) = preSolution
		HideSolutionNode = FALSE
	EndGlobalSection
	GlobalSection(ExtensibilityGlobals) = postSolution
		SolutionGuid = {F7FFBCC5-C5DD-4AF2-99B0-E0287B3E4016}
	EndGlobalSection
EndGlobal
