
Microsoft Visual Studio Solution File, Format Version 12.00
# Visual Studio Version 16
VisualStudioVersion = 16.0.31729.503
MinimumVisualStudioVersion = 10.0.40219.1
Project("{FAE04EC0-301F-11D3-BF4B-00C04F79EFBC}") = "DocumentService", "DocumentService\DocumentService.csproj", "{0B8A4BEA-A724-4612-A0C2-4092E9BC1FF6}"
EndProject
Global
	GlobalSection(SolutionConfigurationPlatforms) = preSolution
		Debug|Any CPU = Debug|Any CPU
		Release|Any CPU = Release|Any CPU
	EndGlobalSection
	GlobalSection(ProjectConfigurationPlatforms) = postSolution
		{0B8A4BEA-A724-4612-A0C2-4092E9BC1FF6}.Debug|Any CPU.ActiveCfg = Debug|Any CPU
		{0B8A4BEA-A724-4612-A0C2-4092E9BC1FF6}.Debug|Any CPU.Build.0 = Debug|Any CPU
		{0B8A4BEA-A724-4612-A0C2-4092E9BC1FF6}.Release|Any CPU.ActiveCfg = Release|Any CPU
		{0B8A4BEA-A724-4612-A0C2-4092E9BC1FF6}.Release|Any CPU.Build.0 = Release|Any CPU
	EndGlobalSection
	GlobalSection(SolutionProperties) = preSolution
		HideSolutionNode = FALSE
	EndGlobalSection
	GlobalSection(ExtensibilityGlobals) = postSolution
		SolutionGuid = {D1DA4174-3B38-4C4B-BA03-FECDD16AB470}
	EndGlobalSection
EndGlobal
